
Microsoft Visual Studio Solution File, Format Version 12.00
# Visual Studio Version 16
VisualStudioVersion = 16.0.35425.106
MinimumVisualStudioVersion = 10.0.40219.1
Project("{FAE04EC0-301F-11D3-BF4B-00C04F79EFBC}") = "MesDemo", "MesDemo\MesDemo.csproj", "{5C19B5FB-CEE5-4573-B3C3-D042D469E166}"
EndProject
Global
	GlobalSection(SolutionConfigurationPlatforms) = preSolution
		Debug|Any CPU = Debug|Any CPU
		Release|Any CPU = Release|Any CPU
	EndGlobalSection
	GlobalSection(ProjectConfigurationPlatforms) = postSolution
		{5C19B5FB-CEE5-4573-B3C3-D042D469E166}.Debug|Any CPU.ActiveCfg = Debug|Any CPU
		{5C19B5FB-CEE5-4573-B3C3-D042D469E166}.Debug|Any CPU.Build.0 = Debug|Any CPU
		{5C19B5FB-CEE5-4573-B3C3-D042D469E166}.Release|Any CPU.ActiveCfg = Release|Any CPU
		{5C19B5FB-CEE5-4573-B3C3-D042D469E166}.Release|Any CPU.Build.0 = Release|Any CPU
	EndGlobalSection
	GlobalSection(SolutionProperties) = preSolution
		HideSolutionNode = FALSE
	EndGlobalSection
	GlobalSection(ExtensibilityGlobals) = postSolution
		SolutionGuid = {481E1578-9E89-4FBA-9518-365A944548BD}
	EndGlobalSection
EndGlobal
